{
  "name": "count-ast",
  "version": "1.0.0",
  "lockfileVersion": 2,
  "requires": true,
  "packages": {
    "": {
      "version": "1.0.0",
      "license": "ISC",
      "dependencies": {
        "acorn": "^8.0.5"
      }
    },
    "node_modules/acorn": {
      "version": "8.0.5",
      "resolved": "https://registry.npmjs.org/acorn/-/acorn-8.0.5.tgz",
      "integrity": "sha512-v+DieK/HJkJOpFBETDJioequtc3PfxsWMaxIdIwujtF7FEV/MAyDQLlm6/zPvr7Mix07mLh6ccVwIsloceodlg==",
      "bin": {
        "acorn": "bin/acorn"
      },
      "engines": {
        "node": ">=0.4.0"
      }
    }
  },
  "dependencies": {
    "acorn": {
      "version": "8.0.5",
      "resolved": "https://registry.npmjs.org/acorn/-/acorn-8.0.5.tgz",
      "integrity": "sha512-v+DieK/HJkJOpFBETDJioequtc3PfxsWMaxIdIwujtF7FEV/MAyDQLlm6/zPvr7Mix07mLh6ccVwIsloceodlg=="
    }
  }
}
